
Microsoft Visual Studio Solution File, Format Version 12.00
# Visual Studio 15
VisualStudioVersion = 15.0.28307.1082
MinimumVisualStudioVersion = 10.0.40219.1
Project("{8BC9CEB8-8B4A-11D0-8D11-00A0C91BC942}") = "FungYangCs301PacmanUseLib", "FungYangCs301PacmanUseLib\FungYangCs301PacmanUseLib.vcxproj", "{D2CCA175-6139-498A-9E38-C3AE80983BBB}"
EndProject
Global
	GlobalSection(SolutionConfigurationPlatforms) = preSolution
		Debug|x64 = Debug|x64
		Debug|x86 = Debug|x86
		Release|x64 = Release|x64
		Release|x86 = Release|x86
	EndGlobalSection
	GlobalSection(ProjectConfigurationPlatforms) = postSolution
		{D2CCA175-6139-498A-9E38-C3AE80983BBB}.Debug|x64.ActiveCfg = Debug|x64
		{D2CCA175-6139-498A-9E38-C3AE80983BBB}.Debug|x64.Build.0 = Debug|x64
		{D2CCA175-6139-498A-9E38-C3AE80983BBB}.Debug|x86.ActiveCfg = Debug|Win32
		{D2CCA175-6139-498A-9E38-C3AE80983BBB}.Debug|x86.Build.0 = Debug|Win32
		{D2CCA175-6139-498A-9E38-C3AE80983BBB}.Release|x64.ActiveCfg = Release|x64
		{D2CCA175-6139-498A-9E38-C3AE80983BBB}.Release|x64.Build.0 = Release|x64
		{D2CCA175-6139-498A-9E38-C3AE80983BBB}.Release|x86.ActiveCfg = Release|Win32
		{D2CCA175-6139-498A-9E38-C3AE80983BBB}.Release|x86.Build.0 = Release|Win32
	EndGlobalSection
	GlobalSection(SolutionProperties) = preSolution
		HideSolutionNode = FALSE
	EndGlobalSection
	GlobalSection(ExtensibilityGlobals) = postSolution
		SolutionGuid = {51568651-3955-4313-8F9F-63FE60B212A5}
	EndGlobalSection
EndGlobal
